{
  "lockfile_version": "1",
  "packages": {
    "act@latest": {
      "last_modified": "2024-12-23T21:10:33Z",
      "resolved": "github:NixOS/nixpkgs/de1864217bfa9b5845f465e771e0ecb48b30e02d#act",
      "source": "devbox-search",
      "version": "0.2.70",
      "systems": {
        "aarch64-darwin": {
          "outputs": [
            {
              "name": "out",
              "path": "/nix/store/7x5cab6qwzdfm1wbnb25ldqszw8vwq4a-act-0.2.70",
              "default": true
            }
          ],
          "store_path": "/nix/store/7x5cab6qwzdfm1wbnb25ldqszw8vwq4a-act-0.2.70"
        },
        "aarch64-linux": {
          "outputs": [
            {
              "name": "out",
              "path": "/nix/store/1jnxzps237a9gvcch41qj4axr8p1wgs8-act-0.2.70",
              "default": true
            }
          ],
          "store_path": "/nix/store/1jnxzps237a9gvcch41qj4axr8p1wgs8-act-0.2.70"
        },
        "x86_64-darwin": {
          "outputs": [
            {
              "name": "out",
              "path": "/nix/store/09sc2vnfmdw99ws9ilmkkpz5450ga5gf-act-0.2.70",
              "default": true
            }
          ],
          "store_path": "/nix/store/09sc2vnfmdw99ws9ilmkkpz5450ga5gf-act-0.2.70"
        },
        "x86_64-linux": {
          "outputs": [
            {
              "name": "out",
              "path": "/nix/store/xwk2b76glvgiih0yps91z0zpkdlq2pmf-act-0.2.70",
              "default": true
            }
          ],
          "store_path": "/nix/store/xwk2b76glvgiih0yps91z0zpkdlq2pmf-act-0.2.70"
        }
      }
    },
    "envsubst@latest": {
      "last_modified": "2024-12-23T21:10:33Z",
      "resolved": "github:NixOS/nixpkgs/de1864217bfa9b5845f465e771e0ecb48b30e02d#envsubst",
      "source": "devbox-search",
      "version": "1.4.2",
      "systems": {
        "aarch64-darwin": {
          "outputs": [
            {
              "name": "out",
              "path": "/nix/store/wddl4159fxvk8qwbgd9invckcg2lmijm-envsubst-1.4.2",
              "default": true
            }
          ],
          "store_path": "/nix/store/wddl4159fxvk8qwbgd9invckcg2lmijm-envsubst-1.4.2"
        },
        "aarch64-linux": {
          "outputs": [
            {
              "name": "out",
              "path": "/nix/store/addix19m23m59vyqs26hn0j3x213029v-envsubst-1.4.2",
              "default": true
            }
          ],
          "store_path": "/nix/store/addix19m23m59vyqs26hn0j3x213029v-envsubst-1.4.2"
        },
        "x86_64-darwin": {
          "outputs": [
            {
              "name": "out",
              "path": "/nix/store/bwckbbs25bkbqf09fxjqkqphddzbqns6-envsubst-1.4.2",
              "default": true
            }
          ],
          "store_path": "/nix/store/bwckbbs25bkbqf09fxjqkqphddzbqns6-envsubst-1.4.2"
        },
        "x86_64-linux": {
          "outputs": [
            {
              "name": "out",
              "path": "/nix/store/3vicwkf94azzq88ccwxx1b19rwpk923g-envsubst-1.4.2",
              "default": true
            }
          ],
          "store_path": "/nix/store/3vicwkf94azzq88ccwxx1b19rwpk923g-envsubst-1.4.2"
        }
      }
    },
    "frp@latest": {
      "last_modified": "2024-12-23T21:10:33Z",
      "resolved": "github:NixOS/nixpkgs/de1864217bfa9b5845f465e771e0ecb48b30e02d#frp",
      "source": "devbox-search",
      "version": "0.61.1",
      "systems": {
        "aarch64-darwin": {
          "outputs": [
            {
              "name": "out",
              "path": "/nix/store/vvlim5xvavl87f80i3h0v9rlvzjidgll-frp-0.61.1",
              "default": true
            }
          ],
          "store_path": "/nix/store/vvlim5xvavl87f80i3h0v9rlvzjidgll-frp-0.61.1"
        },
        "aarch64-linux": {
          "outputs": [
            {
              "name": "out",
              "path": "/nix/store/j4lfcrkb1p70s46zv4bfpwbnwa7vz35v-frp-0.61.1",
              "default": true
            }
          ],
          "store_path": "/nix/store/j4lfcrkb1p70s46zv4bfpwbnwa7vz35v-frp-0.61.1"
        },
        "x86_64-darwin": {
          "outputs": [
            {
              "name": "out",
              "path": "/nix/store/znnymz2xggpmcbyr7l7s00dppn3nvn49-frp-0.61.1",
              "default": true
            }
          ],
          "store_path": "/nix/store/znnymz2xggpmcbyr7l7s00dppn3nvn49-frp-0.61.1"
        },
        "x86_64-linux": {
          "outputs": [
            {
              "name": "out",
              "path": "/nix/store/f2r16bimpvms12yb4jc8aickrfgak23m-frp-0.61.1",
              "default": true
            }
          ],
          "store_path": "/nix/store/f2r16bimpvms12yb4jc8aickrfgak23m-frp-0.61.1"
        }
      }
    },
    "gh@latest": {
      "last_modified": "2024-12-23T21:10:33Z",
      "resolved": "github:NixOS/nixpkgs/de1864217bfa9b5845f465e771e0ecb48b30e02d#gh",
      "source": "devbox-search",
      "version": "2.64.0",
      "systems": {
        "aarch64-darwin": {
          "outputs": [
            {
              "name": "out",
              "path": "/nix/store/vs52nm3dlfhrk4n2fdsbdrs0fxy57axv-gh-2.64.0",
              "default": true
            }
          ],
          "store_path": "/nix/store/vs52nm3dlfhrk4n2fdsbdrs0fxy57axv-gh-2.64.0"
        },
        "aarch64-linux": {
          "outputs": [
            {
              "name": "out",
              "path": "/nix/store/rm4b4qhdydfah63zphfih72hxj2ff1my-gh-2.64.0",
              "default": true
            }
          ],
          "store_path": "/nix/store/rm4b4qhdydfah63zphfih72hxj2ff1my-gh-2.64.0"
        },
        "x86_64-darwin": {
          "outputs": [
            {
              "name": "out",
              "path": "/nix/store/8mnh9c73cx8lsz2rcvmgvvq0ns30jc3b-gh-2.64.0",
              "default": true
            }
          ],
          "store_path": "/nix/store/8mnh9c73cx8lsz2rcvmgvvq0ns30jc3b-gh-2.64.0"
        },
        "x86_64-linux": {
          "outputs": [
            {
              "name": "out",
              "path": "/nix/store/vjqlm4yjnj984x647gbnd1b6lgqxjpv6-gh-2.64.0",
              "default": true
            }
          ],
          "store_path": "/nix/store/vjqlm4yjnj984x647gbnd1b6lgqxjpv6-gh-2.64.0"
        }
      }
    },
    "go-task@latest": {
      "last_modified": "2024-12-23T21:10:33Z",
      "resolved": "github:NixOS/nixpkgs/de1864217bfa9b5845f465e771e0ecb48b30e02d#go-task",
      "source": "devbox-search",
      "version": "3.40.1",
      "systems": {
        "aarch64-darwin": {
          "outputs": [
            {
              "name": "out",
              "path": "/nix/store/ipag7zla3bxcm1dk2fcq0gwlwapiwmyb-go-task-3.40.1",
              "default": true
            }
          ],
          "store_path": "/nix/store/ipag7zla3bxcm1dk2fcq0gwlwapiwmyb-go-task-3.40.1"
        },
        "aarch64-linux": {
          "outputs": [
            {
              "name": "out",
              "path": "/nix/store/bjfbxf3pcwn0j44npk5z9wz5hx28vdl3-go-task-3.40.1",
              "default": true
            }
          ],
          "store_path": "/nix/store/bjfbxf3pcwn0j44npk5z9wz5hx28vdl3-go-task-3.40.1"
        },
        "x86_64-darwin": {
          "outputs": [
            {
              "name": "out",
              "path": "/nix/store/q89vww5w2lciib7a1pamgyxh5kwj159i-go-task-3.40.1",
              "default": true
            }
          ],
          "store_path": "/nix/store/q89vww5w2lciib7a1pamgyxh5kwj159i-go-task-3.40.1"
        },
        "x86_64-linux": {
          "outputs": [
            {
              "name": "out",
              "path": "/nix/store/ds3s43anl3rwk5vz80n4kck2g7z7i1lp-go-task-3.40.1",
              "default": true
            }
          ],
          "store_path": "/nix/store/ds3s43anl3rwk5vz80n4kck2g7z7i1lp-go-task-3.40.1"
        }
      }
    },
    "go@latest": {
      "last_modified": "2024-12-23T21:10:33Z",
      "resolved": "github:NixOS/nixpkgs/de1864217bfa9b5845f465e771e0ecb48b30e02d#go",
      "source": "devbox-search",
      "version": "1.23.4",
      "systems": {
        "aarch64-darwin": {
          "outputs": [
            {
              "name": "out",
              "path": "/nix/store/bva4mymi5b2lhvvbccx8ipws89rar1d8-go-1.23.4",
              "default": true
            }
          ],
          "store_path": "/nix/store/bva4mymi5b2lhvvbccx8ipws89rar1d8-go-1.23.4"
        },
        "aarch64-linux": {
          "outputs": [
            {
              "name": "out",
              "path": "/nix/store/9lvi0l2yf6bwamsjs5d5n9i57c6kbd2c-go-1.23.4",
              "default": true
            }
          ],
          "store_path": "/nix/store/9lvi0l2yf6bwamsjs5d5n9i57c6kbd2c-go-1.23.4"
        },
        "x86_64-darwin": {
          "outputs": [
            {
              "name": "out",
              "path": "/nix/store/sf1y7x29wvp9lppx5ya9h5b42fcmxb32-go-1.23.4",
              "default": true
            }
          ],
          "store_path": "/nix/store/sf1y7x29wvp9lppx5ya9h5b42fcmxb32-go-1.23.4"
        },
        "x86_64-linux": {
          "outputs": [
            {
              "name": "out",
              "path": "/nix/store/jfv85qbj4vb1dafcg6kncg4vrbq2bbxv-go-1.23.4",
              "default": true
            }
          ],
          "store_path": "/nix/store/jfv85qbj4vb1dafcg6kncg4vrbq2bbxv-go-1.23.4"
        }
      }
    },
    "gum@latest": {
      "last_modified": "2024-12-23T21:10:33Z",
      "resolved": "github:NixOS/nixpkgs/de1864217bfa9b5845f465e771e0ecb48b30e02d#gum",
      "source": "devbox-search",
      "version": "0.14.5",
      "systems": {
        "aarch64-darwin": {
          "outputs": [
            {
              "name": "out",
              "path": "/nix/store/p87f1zvabjckkam5f8p5n8s0p9dy2z8d-gum-0.14.5",
              "default": true
            }
          ],
          "store_path": "/nix/store/p87f1zvabjckkam5f8p5n8s0p9dy2z8d-gum-0.14.5"
        },
        "aarch64-linux": {
          "outputs": [
            {
              "name": "out",
              "path": "/nix/store/i8ks7qinadmk77dmknnrpi4iczv8p8gj-gum-0.14.5",
              "default": true
            }
          ],
          "store_path": "/nix/store/i8ks7qinadmk77dmknnrpi4iczv8p8gj-gum-0.14.5"
        },
        "x86_64-darwin": {
          "outputs": [
            {
              "name": "out",
              "path": "/nix/store/1s4jc1kmqksngyhanl76iibb19b7sd2v-gum-0.14.5",
              "default": true
            }
          ],
          "store_path": "/nix/store/1s4jc1kmqksngyhanl76iibb19b7sd2v-gum-0.14.5"
        },
        "x86_64-linux": {
          "outputs": [
            {
              "name": "out",
              "path": "/nix/store/z96hiw9h45mph9qilm4hp4j4ncf19qbl-gum-0.14.5",
              "default": true
            }
          ],
          "store_path": "/nix/store/z96hiw9h45mph9qilm4hp4j4ncf19qbl-gum-0.14.5"
        }
      }
    },
    "jq@latest": {
      "last_modified": "2024-12-30T01:48:12Z",
      "resolved": "github:NixOS/nixpkgs/6d97d419e5a9b36e6293887a89a078cf85f5a61b#jq",
      "source": "devbox-search",
      "version": "1.7.1",
      "systems": {
        "aarch64-darwin": {
          "outputs": [
            {
              "name": "bin",
              "path": "/nix/store/x07x6ixbqrh7javaz84sh7lxy5zjwc66-jq-1.7.1-bin",
              "default": true
            },
            {
              "name": "man",
              "path": "/nix/store/fik16kqw21fpfknda8xpmqi94brmdy5m-jq-1.7.1-man",
              "default": true
            },
            {
              "name": "dev",
              "path": "/nix/store/lhqbi2g0dpiv87341gzzd3vlkcs817yq-jq-1.7.1-dev"
            },
            {
              "name": "doc",
              "path": "/nix/store/viyl0y7dbapp79ibwliqfljxr13n89b9-jq-1.7.1-doc"
            },
            {
              "name": "out",
              "path": "/nix/store/kkymhin05qdfplfnv5k50x0fb9qbvrbl-jq-1.7.1"
            }
          ],
          "store_path": "/nix/store/x07x6ixbqrh7javaz84sh7lxy5zjwc66-jq-1.7.1-bin"
        },
        "aarch64-linux": {
          "outputs": [
            {
              "name": "bin",
              "path": "/nix/store/bs198wj6yi71yzbiykizj5y79ll1y5a5-jq-1.7.1-bin",
              "default": true
            },
            {
              "name": "man",
              "path": "/nix/store/0brmnz2q55dkzqbnld9s2l53hzyi82yg-jq-1.7.1-man",
              "default": true
            },
            {
              "name": "out",
              "path": "/nix/store/cpxcnasas8nnwib686pbhzrkz1cnq0p6-jq-1.7.1"
            },
            {
              "name": "dev",
              "path": "/nix/store/ibh2q48q1xn2bfyvjm6kr3wkphi3rb9r-jq-1.7.1-dev"
            },
            {
              "name": "doc",
              "path": "/nix/store/wjjkav2gqfj67wzzkfw9gmp878dxpy0r-jq-1.7.1-doc"
            }
          ],
          "store_path": "/nix/store/bs198wj6yi71yzbiykizj5y79ll1y5a5-jq-1.7.1-bin"
        },
        "x86_64-darwin": {
          "outputs": [
            {
              "name": "bin",
              "path": "/nix/store/ingdf4pkbkm85bfl0j95j834lvhllp3a-jq-1.7.1-bin",
              "default": true
            },
            {
              "name": "man",
              "path": "/nix/store/w6aijc6k90s04jx5a7pk8j1gmacyllqc-jq-1.7.1-man",
              "default": true
            },
            {
              "name": "out",
              "path": "/nix/store/0g44qcyxjr944pn560l3mr884akh7il4-jq-1.7.1"
            },
            {
              "name": "dev",
              "path": "/nix/store/zvwl6lq9xq1sk9vapx51vajz00c80087-jq-1.7.1-dev"
            },
            {
              "name": "doc",
              "path": "/nix/store/22qfscingx32vgap2kg9gcrgcrvv6ykn-jq-1.7.1-doc"
            }
          ],
          "store_path": "/nix/store/ingdf4pkbkm85bfl0j95j834lvhllp3a-jq-1.7.1-bin"
        },
        "x86_64-linux": {
          "outputs": [
            {
              "name": "bin",
              "path": "/nix/store/c79nkzxaiki5r7igd4a5lawwdds38f2l-jq-1.7.1-bin",
              "default": true
            },
            {
              "name": "man",
              "path": "/nix/store/bj4b7al7f1x6lvsk1p5gza26ya5is8zn-jq-1.7.1-man",
              "default": true
            },
            {
              "name": "out",
              "path": "/nix/store/s8vyrf9xh2yh66ilivw3gi8hzxv7d44c-jq-1.7.1"
            },
            {
              "name": "dev",
              "path": "/nix/store/4nrxcmjis6bahcr6gphczjfhz12f2vnd-jq-1.7.1-dev"
            },
            {
              "name": "doc",
              "path": "/nix/store/kbp9hjh0zcqdc04kiya3wazs50g3mhnp-jq-1.7.1-doc"
            }
          ],
          "store_path": "/nix/store/c79nkzxaiki5r7igd4a5lawwdds38f2l-jq-1.7.1-bin"
        }
      }
    },
    "k3s@latest": {
      "last_modified": "2024-12-23T21:10:33Z",
      "resolved": "github:NixOS/nixpkgs/de1864217bfa9b5845f465e771e0ecb48b30e02d#k3s",
      "source": "devbox-search",
      "version": "1.31.4+k3s1",
      "systems": {
        "aarch64-linux": {
          "outputs": [
            {
              "name": "out",
              "path": "/nix/store/rg57g19n7fzgxbnv0l6kmfjvsyazv921-k3s-1.31.4+k3s1",
              "default": true
            }
          ],
          "store_path": "/nix/store/rg57g19n7fzgxbnv0l6kmfjvsyazv921-k3s-1.31.4+k3s1"
        },
        "x86_64-linux": {
          "outputs": [
            {
              "name": "out",
              "path": "/nix/store/kn37z09hk5xvjlz1zgf1bhc9nh02nkqb-k3s-1.31.4+k3s1",
              "default": true
            }
          ],
          "store_path": "/nix/store/kn37z09hk5xvjlz1zgf1bhc9nh02nkqb-k3s-1.31.4+k3s1"
        }
      }
    },
    "k9s@latest": {
      "last_modified": "2024-12-23T21:10:33Z",
      "resolved": "github:NixOS/nixpkgs/de1864217bfa9b5845f465e771e0ecb48b30e02d#k9s",
      "source": "devbox-search",
      "version": "0.32.7",
      "systems": {
        "aarch64-darwin": {
          "outputs": [
            {
              "name": "out",
              "path": "/nix/store/j34ib6fncah841fs9f735jydwl9mgrcq-k9s-0.32.7",
              "default": true
            }
          ],
          "store_path": "/nix/store/j34ib6fncah841fs9f735jydwl9mgrcq-k9s-0.32.7"
        },
        "aarch64-linux": {
          "outputs": [
            {
              "name": "out",
              "path": "/nix/store/0dzcr6jpjyr94rvc05lvpyh3aq0ispbw-k9s-0.32.7",
              "default": true
            }
          ],
          "store_path": "/nix/store/0dzcr6jpjyr94rvc05lvpyh3aq0ispbw-k9s-0.32.7"
        },
        "x86_64-darwin": {
          "outputs": [
            {
              "name": "out",
              "path": "/nix/store/fnxpjszlgh4g25jl96xxcm0wxd0n7h0i-k9s-0.32.7",
              "default": true
            }
          ],
          "store_path": "/nix/store/fnxpjszlgh4g25jl96xxcm0wxd0n7h0i-k9s-0.32.7"
        },
        "x86_64-linux": {
          "outputs": [
            {
              "name": "out",
              "path": "/nix/store/acfv4993hw202l9zrrmgrjf3bk7imaym-k9s-0.32.7",
              "default": true
            }
          ],
          "store_path": "/nix/store/acfv4993hw202l9zrrmgrjf3bk7imaym-k9s-0.32.7"
        }
      }
    },
    "kluctl@latest": {
      "last_modified": "2024-12-23T21:10:33Z",
      "resolved": "github:NixOS/nixpkgs/de1864217bfa9b5845f465e771e0ecb48b30e02d#kluctl",
      "source": "devbox-search",
      "version": "2.26.0",
      "systems": {
        "aarch64-darwin": {
          "outputs": [
            {
              "name": "out",
              "path": "/nix/store/79xbawk585yx2iizsv8z3wwc1zd0ghsz-kluctl-2.26.0",
              "default": true
            }
          ],
          "store_path": "/nix/store/79xbawk585yx2iizsv8z3wwc1zd0ghsz-kluctl-2.26.0"
        },
        "aarch64-linux": {
          "outputs": [
            {
              "name": "out",
              "path": "/nix/store/4x2nnla19nz6sr6bhjlqxnswk24mig6q-kluctl-2.26.0",
              "default": true
            }
          ],
          "store_path": "/nix/store/4x2nnla19nz6sr6bhjlqxnswk24mig6q-kluctl-2.26.0"
        },
        "x86_64-darwin": {
          "outputs": [
            {
              "name": "out",
              "path": "/nix/store/dyxxflfxakmgnp1crqax7mk7j2ca8py8-kluctl-2.26.0",
              "default": true
            }
          ],
          "store_path": "/nix/store/dyxxflfxakmgnp1crqax7mk7j2ca8py8-kluctl-2.26.0"
        },
        "x86_64-linux": {
          "outputs": [
            {
              "name": "out",
              "path": "/nix/store/zr34w9scjpi2pv59ayv1f6gk1kp2rn7r-kluctl-2.26.0",
              "default": true
            }
          ],
          "store_path": "/nix/store/zr34w9scjpi2pv59ayv1f6gk1kp2rn7r-kluctl-2.26.0"
        }
      }
    },
    "ko@latest": {
      "last_modified": "2024-12-23T21:10:33Z",
      "resolved": "github:NixOS/nixpkgs/de1864217bfa9b5845f465e771e0ecb48b30e02d#ko",
      "source": "devbox-search",
      "version": "0.15.4",
      "systems": {
        "aarch64-darwin": {
          "outputs": [
            {
              "name": "out",
              "path": "/nix/store/r3cwbg01z8rwn3c3myv11kwk1n51vywa-ko-0.15.4",
              "default": true
            }
          ],
          "store_path": "/nix/store/r3cwbg01z8rwn3c3myv11kwk1n51vywa-ko-0.15.4"
        },
        "aarch64-linux": {
          "outputs": [
            {
              "name": "out",
              "path": "/nix/store/g3j0jl743w19vq423mw9awmnh5w3qyix-ko-0.15.4",
              "default": true
            }
          ],
          "store_path": "/nix/store/g3j0jl743w19vq423mw9awmnh5w3qyix-ko-0.15.4"
        },
        "x86_64-darwin": {
          "outputs": [
            {
              "name": "out",
              "path": "/nix/store/hzm0day59kksmps73x9q6a7s2fsg1zwz-ko-0.15.4",
              "default": true
            }
          ],
          "store_path": "/nix/store/hzm0day59kksmps73x9q6a7s2fsg1zwz-ko-0.15.4"
        },
        "x86_64-linux": {
          "outputs": [
            {
              "name": "out",
              "path": "/nix/store/cf35zykp18g9lpzms53hw8wk43hfvyk4-ko-0.15.4",
              "default": true
            }
          ],
          "store_path": "/nix/store/cf35zykp18g9lpzms53hw8wk43hfvyk4-ko-0.15.4"
        }
      }
    },
    "kubectl@latest": {
      "last_modified": "2024-12-23T21:10:33Z",
      "resolved": "github:NixOS/nixpkgs/de1864217bfa9b5845f465e771e0ecb48b30e02d#kubectl",
      "source": "devbox-search",
      "version": "1.32.0",
      "systems": {
        "aarch64-darwin": {
          "outputs": [
            {
              "name": "out",
              "path": "/nix/store/i8cpdk16v3gj7bx0wh009xsr3zjyykdy-kubectl-1.32.0",
              "default": true
            },
            {
              "name": "man",
              "path": "/nix/store/3nz42pz97757darq7yy930yh5l8xhb03-kubectl-1.32.0-man",
              "default": true
            },
            {
              "name": "convert",
              "path": "/nix/store/4kamlm1ii5j7zmivizvpl8l7nw4da1n8-kubectl-1.32.0-convert"
            }
          ],
          "store_path": "/nix/store/i8cpdk16v3gj7bx0wh009xsr3zjyykdy-kubectl-1.32.0"
        },
        "aarch64-linux": {
          "outputs": [
            {
              "name": "out",
              "path": "/nix/store/df7cvpjy0wm1c5z6l44qb9085yfx72yn-kubectl-1.32.0",
              "default": true
            },
            {
              "name": "man",
              "path": "/nix/store/3cl305jf0x48ad2gkhhgbi5gnsmrcci6-kubectl-1.32.0-man",
              "default": true
            },
            {
              "name": "convert",
              "path": "/nix/store/av3jckh7q3lswq8p0bfwiirvbpp0rvyz-kubectl-1.32.0-convert"
            }
          ],
          "store_path": "/nix/store/df7cvpjy0wm1c5z6l44qb9085yfx72yn-kubectl-1.32.0"
        },
        "x86_64-darwin": {
          "outputs": [
            {
              "name": "out",
              "path": "/nix/store/qqxzggng2kw7z7dzvyajfwixmz923k3w-kubectl-1.32.0",
              "default": true
            },
            {
              "name": "man",
              "path": "/nix/store/9dj1jjvk7wp5nn20j7m00yrb6m12sxhh-kubectl-1.32.0-man",
              "default": true
            },
            {
              "name": "convert",
              "path": "/nix/store/pcjy7wd5dm98iyw8qybq7mn5bbd906kc-kubectl-1.32.0-convert"
            }
          ],
          "store_path": "/nix/store/qqxzggng2kw7z7dzvyajfwixmz923k3w-kubectl-1.32.0"
        },
        "x86_64-linux": {
          "outputs": [
            {
              "name": "out",
              "path": "/nix/store/bji52bdp0fpnl11lqvwbqjbvs84zmprz-kubectl-1.32.0",
              "default": true
            },
            {
              "name": "man",
              "path": "/nix/store/i4jqhs1mw5v0igk0ry0y1w22rb1lbykz-kubectl-1.32.0-man",
              "default": true
            },
            {
              "name": "convert",
              "path": "/nix/store/s8pn6j48wrwr9fh5x2836ywcnai2wxma-kubectl-1.32.0-convert"
            }
          ],
          "store_path": "/nix/store/bji52bdp0fpnl11lqvwbqjbvs84zmprz-kubectl-1.32.0"
        }
      }
    },
    "kubectx@latest": {
      "last_modified": "2024-12-23T21:10:33Z",
      "resolved": "github:NixOS/nixpkgs/de1864217bfa9b5845f465e771e0ecb48b30e02d#kubectx",
      "source": "devbox-search",
      "version": "0.9.5",
      "systems": {
        "aarch64-darwin": {
          "outputs": [
            {
              "name": "out",
              "path": "/nix/store/2gjb8051jav5p0gspkhalr54ndgdfc6r-kubectx-0.9.5",
              "default": true
            }
          ],
          "store_path": "/nix/store/2gjb8051jav5p0gspkhalr54ndgdfc6r-kubectx-0.9.5"
        },
        "aarch64-linux": {
          "outputs": [
            {
              "name": "out",
              "path": "/nix/store/404v6rr40pfacr0dgjap8k0maw27s8cx-kubectx-0.9.5",
              "default": true
            }
          ],
          "store_path": "/nix/store/404v6rr40pfacr0dgjap8k0maw27s8cx-kubectx-0.9.5"
        },
        "x86_64-darwin": {
          "outputs": [
            {
              "name": "out",
              "path": "/nix/store/cfjwdisfb8ih0a8pwrlllamdbs4adql2-kubectx-0.9.5",
              "default": true
            }
          ],
          "store_path": "/nix/store/cfjwdisfb8ih0a8pwrlllamdbs4adql2-kubectx-0.9.5"
        },
        "x86_64-linux": {
          "outputs": [
            {
              "name": "out",
              "path": "/nix/store/z3lbpfcpzrzs6wsh7838l9fv0rglnp7k-kubectx-0.9.5",
              "default": true
            }
          ],
          "store_path": "/nix/store/z3lbpfcpzrzs6wsh7838l9fv0rglnp7k-kubectx-0.9.5"
        }
      }
    },
    "kubent@latest": {
      "last_modified": "2024-12-23T21:10:33Z",
      "resolved": "github:NixOS/nixpkgs/de1864217bfa9b5845f465e771e0ecb48b30e02d#kubent",
      "source": "devbox-search",
      "version": "0.7.3",
      "systems": {
        "aarch64-darwin": {
          "outputs": [
            {
              "name": "out",
              "path": "/nix/store/7shi4x10v8fsmkhj5r4sfwv7sj829nsv-kubent-0.7.3",
              "default": true
            }
          ],
          "store_path": "/nix/store/7shi4x10v8fsmkhj5r4sfwv7sj829nsv-kubent-0.7.3"
        },
        "aarch64-linux": {
          "outputs": [
            {
              "name": "out",
              "path": "/nix/store/kwr41xn8fm72vrsw9yds6n5azfrn6a8m-kubent-0.7.3",
              "default": true
            }
          ],
          "store_path": "/nix/store/kwr41xn8fm72vrsw9yds6n5azfrn6a8m-kubent-0.7.3"
        },
        "x86_64-darwin": {
          "outputs": [
            {
              "name": "out",
              "path": "/nix/store/pnkx6d33vzsdc6a6s8q3qpg16pgp5a9s-kubent-0.7.3",
              "default": true
            }
          ],
          "store_path": "/nix/store/pnkx6d33vzsdc6a6s8q3qpg16pgp5a9s-kubent-0.7.3"
        },
        "x86_64-linux": {
          "outputs": [
            {
              "name": "out",
              "path": "/nix/store/p3dnsb81n061b2vj96x64n8ww9hyrav5-kubent-0.7.3",
              "default": true
            }
          ],
          "store_path": "/nix/store/p3dnsb81n061b2vj96x64n8ww9hyrav5-kubent-0.7.3"
        }
      }
    },
    "kubernetes-helm@latest": {
      "last_modified": "2024-12-23T21:10:33Z",
      "resolved": "github:NixOS/nixpkgs/de1864217bfa9b5845f465e771e0ecb48b30e02d#kubernetes-helm",
      "source": "devbox-search",
      "version": "3.16.4",
      "systems": {
        "aarch64-darwin": {
          "outputs": [
            {
              "name": "out",
              "path": "/nix/store/ldyw27qinlywajskcgp06b0vxqi3j7sw-kubernetes-helm-3.16.4",
              "default": true
            }
          ],
          "store_path": "/nix/store/ldyw27qinlywajskcgp06b0vxqi3j7sw-kubernetes-helm-3.16.4"
        },
        "aarch64-linux": {
          "outputs": [
            {
              "name": "out",
              "path": "/nix/store/lpjy11ccpalk012sbfjxzdgvlbv722a3-kubernetes-helm-3.16.4",
              "default": true
            }
          ],
          "store_path": "/nix/store/lpjy11ccpalk012sbfjxzdgvlbv722a3-kubernetes-helm-3.16.4"
        },
        "x86_64-darwin": {
          "outputs": [
            {
              "name": "out",
              "path": "/nix/store/f1141pdh3jzcjx033s0w1h00w21vnlwq-kubernetes-helm-3.16.4",
              "default": true
            }
          ],
          "store_path": "/nix/store/f1141pdh3jzcjx033s0w1h00w21vnlwq-kubernetes-helm-3.16.4"
        },
        "x86_64-linux": {
          "outputs": [
            {
              "name": "out",
              "path": "/nix/store/smn3ia62s9svrh2sy8sasl8sgkjcylsp-kubernetes-helm-3.16.4",
              "default": true
            }
          ],
          "store_path": "/nix/store/smn3ia62s9svrh2sy8sasl8sgkjcylsp-kubernetes-helm-3.16.4"
        }
      }
    },
    "kustomize@latest": {
      "last_modified": "2024-12-23T21:10:33Z",
      "resolved": "github:NixOS/nixpkgs/de1864217bfa9b5845f465e771e0ecb48b30e02d#kustomize",
      "source": "devbox-search",
      "version": "5.5.0",
      "systems": {
        "aarch64-darwin": {
          "outputs": [
            {
              "name": "out",
              "path": "/nix/store/xpypw514kxv803li525a5by78g90ygyl-kustomize-5.5.0",
              "default": true
            }
          ],
          "store_path": "/nix/store/xpypw514kxv803li525a5by78g90ygyl-kustomize-5.5.0"
        },
        "aarch64-linux": {
          "outputs": [
            {
              "name": "out",
              "path": "/nix/store/4v454dywxsyzcq9ypm7aa5v0mdlj9vqn-kustomize-5.5.0",
              "default": true
            }
          ],
          "store_path": "/nix/store/4v454dywxsyzcq9ypm7aa5v0mdlj9vqn-kustomize-5.5.0"
        },
        "x86_64-darwin": {
          "outputs": [
            {
              "name": "out",
              "path": "/nix/store/6g9p4i5r4qvfdygh157376fhzpp55bqk-kustomize-5.5.0",
              "default": true
            }
          ],
          "store_path": "/nix/store/6g9p4i5r4qvfdygh157376fhzpp55bqk-kustomize-5.5.0"
        },
        "x86_64-linux": {
          "outputs": [
            {
              "name": "out",
              "path": "/nix/store/5z7yq6831fsrsxsvg2ic229146ymmjaq-kustomize-5.5.0",
              "default": true
            }
          ],
          "store_path": "/nix/store/5z7yq6831fsrsxsvg2ic229146ymmjaq-kustomize-5.5.0"
        }
      }
    },
    "nodejs_20@latest": {
      "last_modified": "2024-12-23T21:10:33Z",
      "plugin_version": "0.0.2",
      "resolved": "github:NixOS/nixpkgs/de1864217bfa9b5845f465e771e0ecb48b30e02d#nodejs_20",
      "source": "devbox-search",
      "version": "20.18.1",
      "systems": {
        "aarch64-darwin": {
          "outputs": [
            {
              "name": "out",
              "path": "/nix/store/q49zbi0pzjhg4zn085h9hyz9m1k3hvpb-nodejs-20.18.1",
              "default": true
            },
            {
              "name": "libv8",
              "path": "/nix/store/l08rljd2yr7i1q4x778qazcys2l4ja23-nodejs-20.18.1-libv8"
            }
          ],
          "store_path": "/nix/store/q49zbi0pzjhg4zn085h9hyz9m1k3hvpb-nodejs-20.18.1"
        },
        "aarch64-linux": {
          "outputs": [
            {
              "name": "out",
              "path": "/nix/store/4m1ql1hsd6kqmzr8a657qhipjgssrr0c-nodejs-20.18.1",
              "default": true
            },
            {
              "name": "libv8",
              "path": "/nix/store/r8s1xalb4rpy1r44i413j84i4ny6mnsc-nodejs-20.18.1-libv8"
            }
          ],
          "store_path": "/nix/store/4m1ql1hsd6kqmzr8a657qhipjgssrr0c-nodejs-20.18.1"
        },
        "x86_64-darwin": {
          "outputs": [
            {
              "name": "out",
              "path": "/nix/store/7ky0mn6k33731jwzhsxq6a6dsbjqamqs-nodejs-20.18.1",
              "default": true
            },
            {
              "name": "libv8",
              "path": "/nix/store/jw62k3wxl38r8fcbvxaxrm696ivv3imr-nodejs-20.18.1-libv8"
            }
          ],
          "store_path": "/nix/store/7ky0mn6k33731jwzhsxq6a6dsbjqamqs-nodejs-20.18.1"
        },
        "x86_64-linux": {
          "outputs": [
            {
              "name": "out",
              "path": "/nix/store/j7dx1n6m5axf9r2bvly580x2ixx546wq-nodejs-20.18.1",
              "default": true
            },
            {
              "name": "libv8",
              "path": "/nix/store/qljmc2skrldj0g94rib6nl4jq84193fa-nodejs-20.18.1-libv8"
            }
          ],
          "store_path": "/nix/store/j7dx1n6m5axf9r2bvly580x2ixx546wq-nodejs-20.18.1"
        }
      }
    },
    "oras@latest": {
      "last_modified": "2024-12-23T21:10:33Z",
      "resolved": "github:NixOS/nixpkgs/de1864217bfa9b5845f465e771e0ecb48b30e02d#oras",
      "source": "devbox-search",
      "version": "1.2.2",
      "systems": {
        "aarch64-darwin": {
          "outputs": [
            {
              "name": "out",
              "path": "/nix/store/r8nvj1c23vq7vn04il8w6dnjh23av1j3-oras-1.2.2",
              "default": true
            }
          ],
          "store_path": "/nix/store/r8nvj1c23vq7vn04il8w6dnjh23av1j3-oras-1.2.2"
        },
        "aarch64-linux": {
          "outputs": [
            {
              "name": "out",
              "path": "/nix/store/fc9c5nk2fgj7wqs1h6fl7sybxbxczb6w-oras-1.2.2",
              "default": true
            }
          ],
          "store_path": "/nix/store/fc9c5nk2fgj7wqs1h6fl7sybxbxczb6w-oras-1.2.2"
        },
        "x86_64-darwin": {
          "outputs": [
            {
              "name": "out",
              "path": "/nix/store/3ia643kyl7mndlm43zxh4g5phncgca8d-oras-1.2.2",
              "default": true
            }
          ],
          "store_path": "/nix/store/3ia643kyl7mndlm43zxh4g5phncgca8d-oras-1.2.2"
        },
        "x86_64-linux": {
          "outputs": [
            {
              "name": "out",
              "path": "/nix/store/sh0bg8cssx392gl95ny4rhzzl7xw2j7f-oras-1.2.2",
              "default": true
            }
          ],
          "store_path": "/nix/store/sh0bg8cssx392gl95ny4rhzzl7xw2j7f-oras-1.2.2"
        }
      }
    },
    "poetry@latest": {
      "last_modified": "2024-12-23T21:10:33Z",
      "plugin_version": "0.0.4",
      "resolved": "github:NixOS/nixpkgs/de1864217bfa9b5845f465e771e0ecb48b30e02d#poetry",
      "source": "devbox-search",
      "version": "1.8.5",
      "systems": {
        "aarch64-darwin": {
          "outputs": [
            {
              "name": "out",
              "path": "/nix/store/7byk413j70l3lik0n32siyqakp3g9a0m-python3.12-poetry-1.8.5",
              "default": true
            },
            {
              "name": "dist",
              "path": "/nix/store/s21gsbchsrydkbvl7ngjin34n2r19r0m-python3.12-poetry-1.8.5-dist"
            }
          ],
          "store_path": "/nix/store/7byk413j70l3lik0n32siyqakp3g9a0m-python3.12-poetry-1.8.5"
        },
        "aarch64-linux": {
          "outputs": [
            {
              "name": "out",
              "path": "/nix/store/lhrlmjwd4f5r3k41iiigvd4s5ajny60y-python3.12-poetry-1.8.5",
              "default": true
            },
            {
              "name": "dist",
              "path": "/nix/store/220rh02c20bhmg29a5a63x7pi1qqa7q8-python3.12-poetry-1.8.5-dist"
            }
          ],
          "store_path": "/nix/store/lhrlmjwd4f5r3k41iiigvd4s5ajny60y-python3.12-poetry-1.8.5"
        },
        "x86_64-darwin": {
          "outputs": [
            {
              "name": "out",
              "path": "/nix/store/vy4rvacd91pim4xk9f745q84lswg5zhp-python3.12-poetry-1.8.5",
              "default": true
            },
            {
              "name": "dist",
              "path": "/nix/store/qhl9gjps5ay3y18lyrzzd6bx7c320bsb-python3.12-poetry-1.8.5-dist"
            }
          ],
          "store_path": "/nix/store/vy4rvacd91pim4xk9f745q84lswg5zhp-python3.12-poetry-1.8.5"
        },
        "x86_64-linux": {
          "outputs": [
            {
              "name": "out",
              "path": "/nix/store/dvrlqlsjqggqqarr54mc52zv0yfwy0k3-python3.12-poetry-1.8.5",
              "default": true
            },
            {
              "name": "dist",
              "path": "/nix/store/13wgc66fs2r7khswmn91krk06dmxw3c3-python3.12-poetry-1.8.5-dist"
            }
          ],
          "store_path": "/nix/store/dvrlqlsjqggqqarr54mc52zv0yfwy0k3-python3.12-poetry-1.8.5"
        }
      }
    },
    "python312@latest": {
      "last_modified": "2024-06-12T20:55:33Z",
      "plugin_version": "0.0.4",
      "resolved": "github:NixOS/nixpkgs/a9858885e197f984d92d7fe64e9fff6b2e488d40#python312",
      "source": "devbox-search",
      "version": "3.12.3",
      "systems": {
        "aarch64-darwin": {
          "outputs": [
            {
              "name": "out",
              "path": "/nix/store/65ackbgqn02p6fy75rksjbp17zj6440j-python3-3.12.3",
              "default": true
            }
          ],
          "store_path": "/nix/store/65ackbgqn02p6fy75rksjbp17zj6440j-python3-3.12.3"
        },
        "aarch64-linux": {
          "outputs": [
            {
              "name": "out",
              "path": "/nix/store/59siylp1k9i3ch4d9m3vs5jp5z56b5sg-python3-3.12.3",
              "default": true
            },
            {
              "name": "debug",
              "path": "/nix/store/ji094818a78hrkag26202b21nr5v1pgk-python3-3.12.3-debug"
            }
          ],
          "store_path": "/nix/store/59siylp1k9i3ch4d9m3vs5jp5z56b5sg-python3-3.12.3"
        },
        "x86_64-darwin": {
          "outputs": [
            {
              "name": "out",
              "path": "/nix/store/nrskm5p85y6751k02ih51bpzfag8g5r8-python3-3.12.3",
              "default": true
            }
          ],
          "store_path": "/nix/store/nrskm5p85y6751k02ih51bpzfag8g5r8-python3-3.12.3"
        },
        "x86_64-linux": {
          "outputs": [
            {
              "name": "out",
              "path": "/nix/store/zwvdwiw0zg5liz6lkkkqyab035parhld-python3-3.12.3",
              "default": true
            },
            {
              "name": "debug",
              "path": "/nix/store/wj6mffmpvly3md2hqnq2jj8zrrw5qck9-python3-3.12.3-debug"
            }
          ],
          "store_path": "/nix/store/zwvdwiw0zg5liz6lkkkqyab035parhld-python3-3.12.3"
        }
      }
    },
    "terraform@latest": {
      "last_modified": "2024-12-23T21:10:33Z",
      "resolved": "github:NixOS/nixpkgs/de1864217bfa9b5845f465e771e0ecb48b30e02d#terraform",
      "source": "devbox-search",
      "version": "1.10.3",
      "systems": {
        "aarch64-darwin": {
          "outputs": [
            {
              "name": "out",
              "path": "/nix/store/h2yi0x0m9bagy6crd10g87hc5bp211ci-terraform-1.10.3",
              "default": true
            }
          ],
          "store_path": "/nix/store/h2yi0x0m9bagy6crd10g87hc5bp211ci-terraform-1.10.3"
        },
        "aarch64-linux": {
          "outputs": [
            {
              "name": "out",
              "path": "/nix/store/ixgcp31fzf2imappf6w0mijvyp4mympf-terraform-1.10.3",
              "default": true
            }
          ],
          "store_path": "/nix/store/ixgcp31fzf2imappf6w0mijvyp4mympf-terraform-1.10.3"
        },
        "x86_64-darwin": {
          "outputs": [
            {
              "name": "out",
              "path": "/nix/store/khhbh4rr7bw98b32fqdfpnc7jjf2qkk1-terraform-1.10.3",
              "default": true
            }
          ],
          "store_path": "/nix/store/khhbh4rr7bw98b32fqdfpnc7jjf2qkk1-terraform-1.10.3"
        },
        "x86_64-linux": {
          "outputs": [
            {
              "name": "out",
              "path": "/nix/store/35ibn3z2r1989hd8dsm8wg9jhklxp5vk-terraform-1.10.3",
              "default": true
            }
          ],
          "store_path": "/nix/store/35ibn3z2r1989hd8dsm8wg9jhklxp5vk-terraform-1.10.3"
        }
      }
    },
    "tilt@latest": {
      "last_modified": "2024-12-23T21:10:33Z",
      "resolved": "github:NixOS/nixpkgs/de1864217bfa9b5845f465e771e0ecb48b30e02d#tilt",
      "source": "devbox-search",
      "version": "0.33.21",
      "systems": {
        "aarch64-darwin": {
          "outputs": [
            {
              "name": "out",
              "path": "/nix/store/b85kh58qn48qw29fbwdqmz8kpg27wcg7-tilt-0.33.21",
              "default": true
            }
          ],
          "store_path": "/nix/store/b85kh58qn48qw29fbwdqmz8kpg27wcg7-tilt-0.33.21"
        },
        "aarch64-linux": {
          "outputs": [
            {
              "name": "out",
              "path": "/nix/store/6wy7anwyp55awl4n276ssj490qy81w9b-tilt-0.33.21",
              "default": true
            }
          ],
          "store_path": "/nix/store/6wy7anwyp55awl4n276ssj490qy81w9b-tilt-0.33.21"
        },
        "x86_64-darwin": {
          "outputs": [
            {
              "name": "out",
              "path": "/nix/store/kf4ycgxdaiff92glm68g7kzx0dxs68mv-tilt-0.33.21",
              "default": true
            }
          ],
          "store_path": "/nix/store/kf4ycgxdaiff92glm68g7kzx0dxs68mv-tilt-0.33.21"
        },
        "x86_64-linux": {
          "outputs": [
            {
              "name": "out",
              "path": "/nix/store/8mma9x4ixny2rfxka6jrnsd3yf8l9b5z-tilt-0.33.21",
              "default": true
            }
          ],
          "store_path": "/nix/store/8mma9x4ixny2rfxka6jrnsd3yf8l9b5z-tilt-0.33.21"
        }
      }
    },
    "yq-go@latest": {
      "last_modified": "2024-12-23T21:10:33Z",
      "resolved": "github:NixOS/nixpkgs/de1864217bfa9b5845f465e771e0ecb48b30e02d#yq-go",
      "source": "devbox-search",
      "version": "4.44.6",
      "systems": {
        "aarch64-darwin": {
          "outputs": [
            {
              "name": "out",
              "path": "/nix/store/cv2yhzv2vv5mp205jc2y97f8cz13c4p7-yq-go-4.44.6",
              "default": true
            }
          ],
          "store_path": "/nix/store/cv2yhzv2vv5mp205jc2y97f8cz13c4p7-yq-go-4.44.6"
        },
        "aarch64-linux": {
          "outputs": [
            {
              "name": "out",
              "path": "/nix/store/chs70a09khlmc1agnnl4nds77a03my0m-yq-go-4.44.6",
              "default": true
            }
          ],
          "store_path": "/nix/store/chs70a09khlmc1agnnl4nds77a03my0m-yq-go-4.44.6"
        },
        "x86_64-darwin": {
          "outputs": [
            {
              "name": "out",
              "path": "/nix/store/h4mqacjb4hj0xsn61blpi8jgw49wdwcx-yq-go-4.44.6",
              "default": true
            }
          ],
          "store_path": "/nix/store/h4mqacjb4hj0xsn61blpi8jgw49wdwcx-yq-go-4.44.6"
        },
        "x86_64-linux": {
          "outputs": [
            {
              "name": "out",
              "path": "/nix/store/nzrxb2vwxwnmndccndf0hdyc4vcjmz3y-yq-go-4.44.6",
              "default": true
            }
          ],
          "store_path": "/nix/store/nzrxb2vwxwnmndccndf0hdyc4vcjmz3y-yq-go-4.44.6"
        }
      }
    }
  }
}
